
Microsoft Visual Studio Solution File, Format Version 12.00
# Visual Studio Version 17
VisualStudioVersion = 17.10.34928.147
MinimumVisualStudioVersion = 10.0.40219.1
Project("{FAE04EC0-301F-11D3-BF4B-00C04F79EFBC}") = "ProjectForYp2", "ProjectForYp2.csproj", "{AA737E6D-3588-43F0-862A-CB8B085D167B}"
EndProject
Global
	GlobalSection(SolutionConfigurationPlatforms) = preSolution
		Debug|Any CPU = Debug|Any CPU
		Release|Any CPU = Release|Any CPU
	EndGlobalSection
	GlobalSection(ProjectConfigurationPlatforms) = postSolution
		{AA737E6D-3588-43F0-862A-CB8B085D167B}.Debug|Any CPU.ActiveCfg = Debug|Any CPU
		{AA737E6D-3588-43F0-862A-CB8B085D167B}.Debug|Any CPU.Build.0 = Debug|Any CPU
		{AA737E6D-3588-43F0-862A-CB8B085D167B}.Release|Any CPU.ActiveCfg = Release|Any CPU
		{AA737E6D-3588-43F0-862A-CB8B085D167B}.Release|Any CPU.Build.0 = Release|Any CPU
	EndGlobalSection
	GlobalSection(SolutionProperties) = preSolution
		HideSolutionNode = FALSE
	EndGlobalSection
	GlobalSection(ExtensibilityGlobals) = postSolution
		SolutionGuid = {BC88148D-E3D7-4333-A649-E2C1B24DA86F}
	EndGlobalSection
EndGlobal
